
Microsoft Visual Studio Solution File, Format Version 12.00
# Visual Studio Version 17
VisualStudioVersion = 17.2.32526.322
MinimumVisualStudioVersion = 10.0.40219.1
Project("{9A19103F-16F7-4668-BE54-9A1E7A4F7556}") = "LOLHelper", "LOLHelper.csproj", "{76109AE8-5F3A-49DA-AAF8-E6162A55F5FB}"
EndProject
Project("{2150E333-8FDC-42A3-9474-1A3956D46DE8}") = "Solution Items", "Solution Items", "{EF375213-1913-40BE-922D-A6AF0A94C979}"
	ProjectSection(SolutionItems) = preProject
		.editorconfig = .editorconfig
	EndProjectSection
EndProject
Global
	GlobalSection(SolutionConfigurationPlatforms) = preSolution
		Debug|Any CPU = Debug|Any CPU
		Release|Any CPU = Release|Any CPU
	EndGlobalSection
	GlobalSection(ProjectConfigurationPlatforms) = postSolution
		{76109AE8-5F3A-49DA-AAF8-E6162A55F5FB}.Debug|Any CPU.ActiveCfg = Debug|Any CPU
		{76109AE8-5F3A-49DA-AAF8-E6162A55F5FB}.Debug|Any CPU.Build.0 = Debug|Any CPU
		{76109AE8-5F3A-49DA-AAF8-E6162A55F5FB}.Release|Any CPU.ActiveCfg = Release|Any CPU
		{76109AE8-5F3A-49DA-AAF8-E6162A55F5FB}.Release|Any CPU.Build.0 = Release|Any CPU
	EndGlobalSection
	GlobalSection(SolutionProperties) = preSolution
		HideSolutionNode = FALSE
	EndGlobalSection
	GlobalSection(ExtensibilityGlobals) = postSolution
		SolutionGuid = {FDF6F460-20E3-41A0-9ABE-3D2428ED4C9C}
	EndGlobalSection
EndGlobal
